<?xml version="1.0" encoding="utf-8"?>
<Project ToolsVersion="4.0" xmlns="http://schemas.microsoft.com/developer/msbuild/2003">
  <ItemGroup>
    <Filter Include="Source Files">
      <UniqueIdentifier>{4FC737F1-C7A5-4376-A066-2A32D752A2FF}</UniqueIdentifier>
      <Extensions>cpp;c;cc;cxx;c++;def;odl;idl;hpj;bat;asm;asmx</Extensions>
    </Filter>
    <Filter Include="Header Files">
      <UniqueIdentifier>{93995380-89BD-4b04-88EB-625FBE52EBFB}</UniqueIdentifier>
      <Extensions>h;hh;hpp;hxx;h++;hm;inl;inc;ipp;xsd</Extensions>
    </Filter>
    <Filter Include="Resource Files">
      <UniqueIdentifier>{67DA6AB6-F800-4c08-8B7A-83BB121AAD01}</UniqueIdentifier>
      <Extensions>rc;ico;cur;bmp;dlg;rc2;rct;bin;rgs;gif;jpg;jpeg;jpe;resx;tiff;tif;png;wav;mfcribbon-ms</Extensions>
    </Filter>
    <Filter Include="Source Files\Runtime">
      <UniqueIdentifier>{3f2a48d9-ffb8-4d8f-9f82-32060f3565d2}</UniqueIdentifier>
    </Filter>
    <Filter Include="Source Files\Parse">
      <UniqueIdentifier>{0b0879ce-e2e2-49ff-bdef-82750fe1d9cf}</UniqueIdentifier>
    </Filter>
  </ItemGroup>
  <ItemGroup>
    <ClCompile Include="testmain.c">
      <Filter>Source Files</Filter>
    </ClCompile>
    <ClCompile Include="tau_utility.c">
      <Filter>Source Files</Filter>
    </ClCompile>
    <ClCompile Include="tau_state.c">
      <Filter>Source Files</Filter>
    </ClCompile>
    <ClCompile Include="tau_code.c">
      <Filter>Source Files</Filter>
    </ClCompile>
    <ClCompile Include="tau_lex.c">
      <Filter>Source Files\Parse</Filter>
    </ClCompile>
    <ClCompile Include="tau_parse.c">
      <Filter>Source Files\Parse</Filter>
    </ClCompile>
    <ClCompile Include="tau_value.c">
      <Filter>Source Files\Runtime</Filter>
    </ClCompile>
  </ItemGroup>
  <ItemGroup>
    <ClInclude Include="tau_utility.h">
      <Filter>Source Files</Filter>
    </ClInclude>
    <ClInclude Include="tau_state.h">
      <Filter>Source Files</Filter>
    </ClInclude>
    <ClInclude Include="tau_code.h">
      <Filter>Source Files</Filter>
    </ClInclude>
    <ClInclude Include="tau_parse.h">
      <Filter>Source Files\Parse</Filter>
    </ClInclude>
    <ClInclude Include="tau_value.h">
      <Filter>Source Files\Runtime</Filter>
    </ClInclude>
  </ItemGroup>
  <ItemGroup>
    <None Include="test.tau">
      <Filter>Source Files</Filter>
    </None>
  </ItemGroup>
  <ItemGroup>
    <Text Include="expressions.txt">
      <Filter>Source Files\Parse</Filter>
    </Text>
  </ItemGroup>
</Project>